PODS:
  - AFNetworking (3.1.0):
    - AFNetworking/NSURLSession (= 3.1.0)
    - AFNetworking/Reachability (= 3.1.0)
    - AFNetworking/Security (= 3.1.0)
    - AFNetworking/Serialization (= 3.1.0)
    - AFNetworking/UIKit (= 3.1.0)
  - AFNetworking/NSURLSession (3.1.0):
    - AFNetworking/Reachability
    - AFNetworking/Security
    - AFNetworking/Serialization
  - AFNetworking/Reachability (3.1.0)
  - AFNetworking/Security (3.1.0)
  - AFNetworking/Serialization (3.1.0)
  - AFNetworking/UIKit (3.1.0):
    - AFNetworking/NSURLSession
  - Lock/Core (1.27.0):
    - AFNetworking (~> 3.0)
  - Lock/CoreUI (1.27.0):
    - Lock/Core
    - Masonry (~> 0.6)
  - Lock/Email (1.27.0):
    - Lock/UI
  - Lock/UI (1.27.0):
    - Lock/CoreUI
  - LoremIpsum (1.0.0)
  - Masonry (0.6.4)
  - SimpleKeychain (0.7.0)
  - SlackTextViewController (1.9.5)

DEPENDENCIES:
  - Lock/Email (= 1.27)
  - LoremIpsum
  - SimpleKeychain (~> 0.7)
  - SlackTextViewController

SPEC CHECKSUMS:
  AFNetworking: 5e0e199f73d8626b11e79750991f5d173d1f8b67
  Lock: 4603356ae52547e715cc2bb3afb4c27df747ee96
  LoremIpsum: 9029c55d36501b2ee0b05cc9ecda11d3a0479160
  Masonry: 281802d04d787ea2973179ee8bcb50500579ede2
  SimpleKeychain: b50cef3b87939d480ea1143425c00f5b4b70fe21
  SlackTextViewController: fbcdadbb8090673f604484ff5b6eb8d77baed42a

PODFILE CHECKSUM: fd50dcbef352d0ab81f8e52d313f5c6dfa63a55d

COCOAPODS: 1.1.0.rc.2
